// !$*UTF8*$!
{
	archiveVersion = 1;
	classes = {
	};
	objectVersion = 51;
	objects = {

/* Begin PBXBuildFile section */
		37C267EC2051F3C32B0DD261 /* Pods_StockTutorialTests.framework in Frameworks */ = {isa = PBXBuildFile; fileRef = CE05746390AC2710DC9B1777 /* Pods_StockTutorialTests.framework */; };
		648E793526D14BE60061D485 /* LoadingView.swift in Sources */ = {isa = PBXBuildFile; fileRef = 648E793426D14BE60061D485 /* LoadingView.swift */; };
		648E793726D14DBD0061D485 /* Font.swift in Sources */ = {isa = PBXBuildFile; fileRef = 648E793626D14DBD0061D485 /* Font.swift */; };
		648E793926D14E760061D485 /* StockCell.swift in Sources */ = {isa = PBXBuildFile; fileRef = 648E793826D14E760061D485 /* StockCell.swift */; };
		648E793B26D14F8A0061D485 /* View.swift in Sources */ = {isa = PBXBuildFile; fileRef = 648E793A26D14F8A0061D485 /* View.swift */; };
		648E793D26D154D70061D485 /* StockList+TableView.swift in Sources */ = {isa = PBXBuildFile; fileRef = 648E793C26D154D70061D485 /* StockList+TableView.swift */; };
		64B45C3026CE9C65001370B5 /* AppDelegate.swift in Sources */ = {isa = PBXBuildFile; fileRef = 64B45C2F26CE9C65001370B5 /* AppDelegate.swift */; };
		64B45C3226CE9C65001370B5 /* SceneDelegate.swift in Sources */ = {isa = PBXBuildFile; fileRef = 64B45C3126CE9C65001370B5 /* SceneDelegate.swift */; };
		64B45C3A26CE9C65001370B5 /* StockTutorial.xcdatamodeld in Sources */ = {isa = PBXBuildFile; fileRef = 64B45C3826CE9C65001370B5 /* StockTutorial.xcdatamodeld */; };
		64B45C3C26CE9C66001370B5 /* Assets.xcassets in Resources */ = {isa = PBXBuildFile; fileRef = 64B45C3B26CE9C66001370B5 /* Assets.xcassets */; };
		64B45C3F26CE9C66001370B5 /* LaunchScreen.storyboard in Resources */ = {isa = PBXBuildFile; fileRef = 64B45C3D26CE9C66001370B5 /* LaunchScreen.storyboard */; };
		64B45C4A26CE9C67001370B5 /* StockTutorialTests.swift in Sources */ = {isa = PBXBuildFile; fileRef = 64B45C4926CE9C67001370B5 /* StockTutorialTests.swift */; };
		64B45C5526CE9C67001370B5 /* StockTutorialUITests.swift in Sources */ = {isa = PBXBuildFile; fileRef = 64B45C5426CE9C67001370B5 /* StockTutorialUITests.swift */; };
		64B45C6C26CE9E32001370B5 /* BaseViewController.swift in Sources */ = {isa = PBXBuildFile; fileRef = 64B45C6B26CE9E32001370B5 /* BaseViewController.swift */; };
		64B45C6E26CE9EA1001370B5 /* StockListController.swift in Sources */ = {isa = PBXBuildFile; fileRef = 64B45C6D26CE9EA1001370B5 /* StockListController.swift */; };
		64B45C7026CE9EBE001370B5 /* BaseView.swift in Sources */ = {isa = PBXBuildFile; fileRef = 64B45C6F26CE9EBE001370B5 /* BaseView.swift */; };
		64B45C7226CE9F06001370B5 /* StockListView.swift in Sources */ = {isa = PBXBuildFile; fileRef = 64B45C7126CE9F06001370B5 /* StockListView.swift */; };
		64B45C7426CEA2DF001370B5 /* Coordinator.swift in Sources */ = {isa = PBXBuildFile; fileRef = 64B45C7326CEA2DF001370B5 /* Coordinator.swift */; };
		64B45C7626CEA34F001370B5 /* CompositionRoot.swift in Sources */ = {isa = PBXBuildFile; fileRef = 64B45C7526CEA34F001370B5 /* CompositionRoot.swift */; };
		64B45C7926CEA655001370B5 /* MainCoordinator.swift in Sources */ = {isa = PBXBuildFile; fileRef = 64B45C7826CEA655001370B5 /* MainCoordinator.swift */; };
		64B45C7B26CEA928001370B5 /* StockRepository.swift in Sources */ = {isa = PBXBuildFile; fileRef = 64B45C7A26CEA928001370B5 /* StockRepository.swift */; };
		64B45C7D26CEA938001370B5 /* SotckRepositoryImpl.swift in Sources */ = {isa = PBXBuildFile; fileRef = 64B45C7C26CEA938001370B5 /* SotckRepositoryImpl.swift */; };
		64B45C7F26CEAA1A001370B5 /* Stock.swift in Sources */ = {isa = PBXBuildFile; fileRef = 64B45C7E26CEAA1A001370B5 /* Stock.swift */; };
		64B45C8126CEACCB001370B5 /* StockUseCase.swift in Sources */ = {isa = PBXBuildFile; fileRef = 64B45C8026CEACCB001370B5 /* StockUseCase.swift */; };
		64B45C8326CEAD37001370B5 /* StockListViewModel .swift in Sources */ = {isa = PBXBuildFile; fileRef = 64B45C8226CEAD37001370B5 /* StockListViewModel .swift */; };
		64D1D24D26D1DFC900D80246 /* EmptyView.swift in Sources */ = {isa = PBXBuildFile; fileRef = 64D1D24C26D1DFC900D80246 /* EmptyView.swift */; };
		658686288DD17F1C159B11B9 /* Pods_StockTutorial.framework in Frameworks */ = {isa = PBXBuildFile; fileRef = 2CA820044561622A6FDBACE3 /* Pods_StockTutorial.framework */; };
		8E2DDD3571A11A2BDC90F73A /* Pods_StockTutorial_StockTutorialUITests.framework in Frameworks */ = {isa = PBXBuildFile; fileRef = 0D1C620963F3F5C3929F3ED8 /* Pods_StockTutorial_StockTutorialUITests.framework */; };
/* End PBXBuildFile section */

/* Begin PBXContainerItemProxy section */
		64B45C4626CE9C67001370B5 /* PBXContainerItemProxy */ = {
			isa = PBXContainerItemProxy;
			containerPortal = 64B45C2426CE9C65001370B5 /* Project object */;
			proxyType = 1;
			remoteGlobalIDString = 64B45C2B26CE9C65001370B5;
			remoteInfo = StockTutorial;
		};
		64B45C5126CE9C67001370B5 /* PBXContainerItemProxy */ = {
			isa = PBXContainerItemProxy;
			containerPortal = 64B45C2426CE9C65001370B5 /* Project object */;
			proxyType = 1;
			remoteGlobalIDString = 64B45C2B26CE9C65001370B5;
			remoteInfo = StockTutorial;
		};
/* End PBXContainerItemProxy section */

/* Begin PBXFileReference section */
		0D1C620963F3F5C3929F3ED8 /* Pods_StockTutorial_StockTutorialUITests.framework */ = {isa = PBXFileReference; explicitFileType = wrapper.framework; includeInIndex = 0; path = Pods_StockTutorial_StockTutorialUITests.framework; sourceTree = BUILT_PRODUCTS_DIR; };
		19425B473C4319BF0F38BA50 /* Pods-StockTutorial.debug.xcconfig */ = {isa = PBXFileReference; includeInIndex = 1; lastKnownFileType = text.xcconfig; name = "Pods-StockTutorial.debug.xcconfig"; path = "Target Support Files/Pods-StockTutorial/Pods-StockTutorial.debug.xcconfig"; sourceTree = "<group>"; };
		2CA820044561622A6FDBACE3 /* Pods_StockTutorial.framework */ = {isa = PBXFileReference; explicitFileType = wrapper.framework; includeInIndex = 0; path = Pods_StockTutorial.framework; sourceTree = BUILT_PRODUCTS_DIR; };
		3CC2AE69833E2DFBC3400AD8 /* Pods-StockTutorial-StockTutorialUITests.release.xcconfig */ = {isa = PBXFileReference; includeInIndex = 1; lastKnownFileType = text.xcconfig; name = "Pods-StockTutorial-StockTutorialUITests.release.xcconfig"; path = "Target Support Files/Pods-StockTutorial-StockTutorialUITests/Pods-StockTutorial-StockTutorialUITests.release.xcconfig"; sourceTree = "<group>"; };
		5792BD696D31FE8BFE513171 /* Pods-StockTutorial-StockTutorialUITests.debug.xcconfig */ = {isa = PBXFileReference; includeInIndex = 1; lastKnownFileType = text.xcconfig; name = "Pods-StockTutorial-StockTutorialUITests.debug.xcconfig"; path = "Target Support Files/Pods-StockTutorial-StockTutorialUITests/Pods-StockTutorial-StockTutorialUITests.debug.xcconfig"; sourceTree = "<group>"; };
		648E793426D14BE60061D485 /* LoadingView.swift */ = {isa = PBXFileReference; lastKnownFileType = sourcecode.swift; path = LoadingView.swift; sourceTree = "<group>"; };
		648E793626D14DBD0061D485 /* Font.swift */ = {isa = PBXFileReference; lastKnownFileType = sourcecode.swift; path = Font.swift; sourceTree = "<group>"; };
		648E793826D14E760061D485 /* StockCell.swift */ = {isa = PBXFileReference; lastKnownFileType = sourcecode.swift; path = StockCell.swift; sourceTree = "<group>"; };
		648E793A26D14F8A0061D485 /* View.swift */ = {isa = PBXFileReference; lastKnownFileType = sourcecode.swift; path = View.swift; sourceTree = "<group>"; };
		648E793C26D154D70061D485 /* StockList+TableView.swift */ = {isa = PBXFileReference; lastKnownFileType = sourcecode.swift; path = "StockList+TableView.swift"; sourceTree = "<group>"; };
		64B45C2C26CE9C65001370B5 /* StockTutorial.app */ = {isa = PBXFileReference; explicitFileType = wrapper.application; includeInIndex = 0; path = StockTutorial.app; sourceTree = BUILT_PRODUCTS_DIR; };
		64B45C2F26CE9C65001370B5 /* AppDelegate.swift */ = {isa = PBXFileReference; lastKnownFileType = sourcecode.swift; path = AppDelegate.swift; sourceTree = "<group>"; };
		64B45C3126CE9C65001370B5 /* SceneDelegate.swift */ = {isa = PBXFileReference; lastKnownFileType = sourcecode.swift; path = SceneDelegate.swift; sourceTree = "<group>"; };
		64B45C3926CE9C65001370B5 /* StockTutorial.xcdatamodel */ = {isa = PBXFileReference; lastKnownFileType = wrapper.xcdatamodel; path = StockTutorial.xcdatamodel; sourceTree = "<group>"; };
		64B45C3B26CE9C66001370B5 /* Assets.xcassets */ = {isa = PBXFileReference; lastKnownFileType = folder.assetcatalog; path = Assets.xcassets; sourceTree = "<group>"; };
		64B45C3E26CE9C66001370B5 /* Base */ = {isa = PBXFileReference; lastKnownFileType = file.storyboard; name = Base; path = Base.lproj/LaunchScreen.storyboard; sourceTree = "<group>"; };
		64B45C4026CE9C66001370B5 /* Info.plist */ = {isa = PBXFileReference; lastKnownFileType = text.plist.xml; path = Info.plist; sourceTree = "<group>"; };
		64B45C4526CE9C67001370B5 /* StockTutorialTests.xctest */ = {isa = PBXFileReference; explicitFileType = wrapper.cfbundle; includeInIndex = 0; path = StockTutorialTests.xctest; sourceTree = BUILT_PRODUCTS_DIR; };
		64B45C4926CE9C67001370B5 /* StockTutorialTests.swift */ = {isa = PBXFileReference; lastKnownFileType = sourcecode.swift; path = StockTutorialTests.swift; sourceTree = "<group>"; };
		64B45C4B26CE9C67001370B5 /* Info.plist */ = {isa = PBXFileReference; lastKnownFileType = text.plist.xml; path = Info.plist; sourceTree = "<group>"; };
		64B45C5026CE9C67001370B5 /* StockTutorialUITests.xctest */ = {isa = PBXFileReference; explicitFileType = wrapper.cfbundle; includeInIndex = 0; path = StockTutorialUITests.xctest; sourceTree = BUILT_PRODUCTS_DIR; };
		64B45C5426CE9C67001370B5 /* StockTutorialUITests.swift */ = {isa = PBXFileReference; lastKnownFileType = sourcecode.swift; path = StockTutorialUITests.swift; sourceTree = "<group>"; };
		64B45C5626CE9C67001370B5 /* Info.plist */ = {isa = PBXFileReference; lastKnownFileType = text.plist.xml; path = Info.plist; sourceTree = "<group>"; };
		64B45C6B26CE9E32001370B5 /* BaseViewController.swift */ = {isa = PBXFileReference; lastKnownFileType = sourcecode.swift; path = BaseViewController.swift; sourceTree = "<group>"; };
		64B45C6D26CE9EA1001370B5 /* StockListController.swift */ = {isa = PBXFileReference; lastKnownFileType = sourcecode.swift; path = StockListController.swift; sourceTree = "<group>"; };
		64B45C6F26CE9EBE001370B5 /* BaseView.swift */ = {isa = PBXFileReference; lastKnownFileType = sourcecode.swift; path = BaseView.swift; sourceTree = "<group>"; };
		64B45C7126CE9F06001370B5 /* StockListView.swift */ = {isa = PBXFileReference; lastKnownFileType = sourcecode.swift; path = StockListView.swift; sourceTree = "<group>"; };
		64B45C7326CEA2DF001370B5 /* Coordinator.swift */ = {isa = PBXFileReference; lastKnownFileType = sourcecode.swift; path = Coordinator.swift; sourceTree = "<group>"; };
		64B45C7526CEA34F001370B5 /* CompositionRoot.swift */ = {isa = PBXFileReference; lastKnownFileType = sourcecode.swift; path = CompositionRoot.swift; sourceTree = "<group>"; };
		64B45C7826CEA655001370B5 /* MainCoordinator.swift */ = {isa = PBXFileReference; lastKnownFileType = sourcecode.swift; path = MainCoordinator.swift; sourceTree = "<group>"; };
		64B45C7A26CEA928001370B5 /* StockRepository.swift */ = {isa = PBXFileReference; lastKnownFileType = sourcecode.swift; path = StockRepository.swift; sourceTree = "<group>"; };
		64B45C7C26CEA938001370B5 /* SotckRepositoryImpl.swift */ = {isa = PBXFileReference; lastKnownFileType = sourcecode.swift; path = SotckRepositoryImpl.swift; sourceTree = "<group>"; };
		64B45C7E26CEAA1A001370B5 /* Stock.swift */ = {isa = PBXFileReference; lastKnownFileType = sourcecode.swift; path = Stock.swift; sourceTree = "<group>"; };
		64B45C8026CEACCB001370B5 /* StockUseCase.swift */ = {isa = PBXFileReference; lastKnownFileType = sourcecode.swift; path = StockUseCase.swift; sourceTree = "<group>"; };
		64B45C8226CEAD37001370B5 /* StockListViewModel .swift */ = {isa = PBXFileReference; lastKnownFileType = sourcecode.swift; path = "StockListViewModel .swift"; sourceTree = "<group>"; };
		64D1D24C26D1DFC900D80246 /* EmptyView.swift */ = {isa = PBXFileReference; lastKnownFileType = sourcecode.swift; path = EmptyView.swift; sourceTree = "<group>"; };
		969FC7D8ACBE24CEEF0EFEF5 /* Pods-StockTutorial.release.xcconfig */ = {isa = PBXFileReference; includeInIndex = 1; lastKnownFileType = text.xcconfig; name = "Pods-StockTutorial.release.xcconfig"; path = "Target Support Files/Pods-StockTutorial/Pods-StockTutorial.release.xcconfig"; sourceTree = "<group>"; };
		CE05746390AC2710DC9B1777 /* Pods_StockTutorialTests.framework */ = {isa = PBXFileReference; explicitFileType = wrapper.framework; includeInIndex = 0; path = Pods_StockTutorialTests.framework; sourceTree = BUILT_PRODUCTS_DIR; };
		D267B6F6FD98E69C56F326E5 /* Pods-StockTutorialTests.debug.xcconfig */ = {isa = PBXFileReference; includeInIndex = 1; lastKnownFileType = text.xcconfig; name = "Pods-StockTutorialTests.debug.xcconfig"; path = "Target Support Files/Pods-StockTutorialTests/Pods-StockTutorialTests.debug.xcconfig"; sourceTree = "<group>"; };
		DCF81B323CDDB71D154A9DCD /* Pods-StockTutorialTests.release.xcconfig */ = {isa = PBXFileReference; includeInIndex = 1; lastKnownFileType = text.xcconfig; name = "Pods-StockTutorialTests.release.xcconfig"; path = "Target Support Files/Pods-StockTutorialTests/Pods-StockTutorialTests.release.xcconfig"; sourceTree = "<group>"; };
/* End PBXFileReference section */

/* Begin PBXFrameworksBuildPhase section */
		64B45C2926CE9C65001370B5 /* Frameworks */ = {
			isa = PBXFrameworksBuildPhase;
			buildActionMask = 2147483647;
			files = (
				658686288DD17F1C159B11B9 /* Pods_StockTutorial.framework in Frameworks */,
			);
			runOnlyForDeploymentPostprocessing = 0;
		};
		64B45C4226CE9C67001370B5 /* Frameworks */ = {
			isa = PBXFrameworksBuildPhase;
			buildActionMask = 2147483647;
			files = (
				37C267EC2051F3C32B0DD261 /* Pods_StockTutorialTests.framework in Frameworks */,
			);
			runOnlyForDeploymentPostprocessing = 0;
		};
		64B45C4D26CE9C67001370B5 /* Frameworks */ = {
			isa = PBXFrameworksBuildPhase;
			buildActionMask = 2147483647;
			files = (
				8E2DDD3571A11A2BDC90F73A /* Pods_StockTutorial_StockTutorialUITests.framework in Frameworks */,
			);
			runOnlyForDeploymentPostprocessing = 0;
		};
/* End PBXFrameworksBuildPhase section */

/* Begin PBXGroup section */
		29265771508184C4BD4B2562 /* Frameworks */ = {
			isa = PBXGroup;
			children = (
				2CA820044561622A6FDBACE3 /* Pods_StockTutorial.framework */,
				0D1C620963F3F5C3929F3ED8 /* Pods_StockTutorial_StockTutorialUITests.framework */,
				CE05746390AC2710DC9B1777 /* Pods_StockTutorialTests.framework */,
			);
			name = Frameworks;
			sourceTree = "<group>";
		};
		648E793326D14BD10061D485 /* Component */ = {
			isa = PBXGroup;
			children = (
				648E793426D14BE60061D485 /* LoadingView.swift */,
				648E793626D14DBD0061D485 /* Font.swift */,
				648E793A26D14F8A0061D485 /* View.swift */,
			);
			path = Component;
			sourceTree = "<group>";
		};
		64B45C2326CE9C65001370B5 = {
			isa = PBXGroup;
			children = (
				64B45C2E26CE9C65001370B5 /* StockTutorial */,
				64B45C4826CE9C67001370B5 /* StockTutorialTests */,
				64B45C5326CE9C67001370B5 /* StockTutorialUITests */,
				64B45C2D26CE9C65001370B5 /* Products */,
				F444E970B8F71FFA4A7FD924 /* Pods */,
				29265771508184C4BD4B2562 /* Frameworks */,
			);
			sourceTree = "<group>";
		};
		64B45C2D26CE9C65001370B5 /* Products */ = {
			isa = PBXGroup;
			children = (
				64B45C2C26CE9C65001370B5 /* StockTutorial.app */,
				64B45C4526CE9C67001370B5 /* StockTutorialTests.xctest */,
				64B45C5026CE9C67001370B5 /* StockTutorialUITests.xctest */,
			);
			name = Products;
			sourceTree = "<group>";
		};
		64B45C2E26CE9C65001370B5 /* StockTutorial */ = {
			isa = PBXGroup;
			children = (
				64B45C2F26CE9C65001370B5 /* AppDelegate.swift */,
				64B45C3126CE9C65001370B5 /* SceneDelegate.swift */,
				64B45C7726CEA622001370B5 /* Domain */,
				64B45C6226CE9D6F001370B5 /* Repository */,
				64B45C6326CE9D91001370B5 /* Model */,
				648E793326D14BD10061D485 /* Component */,
				64B45C6726CE9DF7001370B5 /* View */,
				64B45C6826CE9DFC001370B5 /* Controller */,
				64B45C6926CE9E03001370B5 /* Coordinator */,
				64B45C6A26CE9E0A001370B5 /* DI */,
				64B45C3B26CE9C66001370B5 /* Assets.xcassets */,
				64B45C3D26CE9C66001370B5 /* LaunchScreen.storyboard */,
				64B45C4026CE9C66001370B5 /* Info.plist */,
				64B45C3826CE9C65001370B5 /* StockTutorial.xcdatamodeld */,
			);
			path = StockTutorial;
			sourceTree = "<group>";
		};
		64B45C4826CE9C67001370B5 /* StockTutorialTests */ = {
			isa = PBXGroup;
			children = (
				64B45C4926CE9C67001370B5 /* StockTutorialTests.swift */,
				64B45C4B26CE9C67001370B5 /* Info.plist */,
			);
			path = StockTutorialTests;
			sourceTree = "<group>";
		};
		64B45C5326CE9C67001370B5 /* StockTutorialUITests */ = {
			isa = PBXGroup;
			children = (
				64B45C5426CE9C67001370B5 /* StockTutorialUITests.swift */,
				64B45C5626CE9C67001370B5 /* Info.plist */,
			);
			path = StockTutorialUITests;
			sourceTree = "<group>";
		};
		64B45C6226CE9D6F001370B5 /* Repository */ = {
			isa = PBXGroup;
			children = (
				64B45C7A26CEA928001370B5 /* StockRepository.swift */,
				64B45C7C26CEA938001370B5 /* SotckRepositoryImpl.swift */,
			);
			path = Repository;
			sourceTree = "<group>";
		};
		64B45C6326CE9D91001370B5 /* Model */ = {
			isa = PBXGroup;
			children = (
				64B45C7E26CEAA1A001370B5 /* Stock.swift */,
			);
			path = Model;
			sourceTree = "<group>";
		};
		64B45C6726CE9DF7001370B5 /* View */ = {
			isa = PBXGroup;
			children = (
				64B45C6F26CE9EBE001370B5 /* BaseView.swift */,
				64B45C7126CE9F06001370B5 /* StockListView.swift */,
				64D1D24C26D1DFC900D80246 /* EmptyView.swift */,
				648E793826D14E760061D485 /* StockCell.swift */,
			);
			path = View;
			sourceTree = "<group>";
		};
		64B45C6826CE9DFC001370B5 /* Controller */ = {
			isa = PBXGroup;
			children = (
				64B45C6B26CE9E32001370B5 /* BaseViewController.swift */,
				64B45C6D26CE9EA1001370B5 /* StockListController.swift */,
				64B45C8226CEAD37001370B5 /* StockListViewModel .swift */,
				648E793C26D154D70061D485 /* StockList+TableView.swift */,
			);
			path = Controller;
			sourceTree = "<group>";
		};
		64B45C6926CE9E03001370B5 /* Coordinator */ = {
			isa = PBXGroup;
			children = (
				64B45C7326CEA2DF001370B5 /* Coordinator.swift */,
				64B45C7826CEA655001370B5 /* MainCoordinator.swift */,
			);
			path = Coordinator;
			sourceTree = "<group>";
		};
		64B45C6A26CE9E0A001370B5 /* DI */ = {
			isa = PBXGroup;
			children = (
				64B45C7526CEA34F001370B5 /* CompositionRoot.swift */,
			);
			path = DI;
			sourceTree = "<group>";
		};
		64B45C7726CEA622001370B5 /* Domain */ = {
			isa = PBXGroup;
			children = (
				64B45C8026CEACCB001370B5 /* StockUseCase.swift */,
			);
			path = Domain;
			sourceTree = "<group>";
		};
		F444E970B8F71FFA4A7FD924 /* Pods */ = {
			isa = PBXGroup;
			children = (
				19425B473C4319BF0F38BA50 /* Pods-StockTutorial.debug.xcconfig */,
				969FC7D8ACBE24CEEF0EFEF5 /* Pods-StockTutorial.release.xcconfig */,
				5792BD696D31FE8BFE513171 /* Pods-StockTutorial-StockTutorialUITests.debug.xcconfig */,
				3CC2AE69833E2DFBC3400AD8 /* Pods-StockTutorial-StockTutorialUITests.release.xcconfig */,
				D267B6F6FD98E69C56F326E5 /* Pods-StockTutorialTests.debug.xcconfig */,
				DCF81B323CDDB71D154A9DCD /* Pods-StockTutorialTests.release.xcconfig */,
			);
			path = Pods;
			sourceTree = "<group>";
		};
/* End PBXGroup section */

/* Begin PBXNativeTarget section */
		64B45C2B26CE9C65001370B5 /* StockTutorial */ = {
			isa = PBXNativeTarget;
			buildConfigurationList = 64B45C5926CE9C67001370B5 /* Build configuration list for PBXNativeTarget "StockTutorial" */;
			buildPhases = (
				C9C1A9CB51C3AC314854C0EE /* [CP] Check Pods Manifest.lock */,
				64B45C2826CE9C65001370B5 /* Sources */,
				64B45C2926CE9C65001370B5 /* Frameworks */,
				64B45C2A26CE9C65001370B5 /* Resources */,
				E7126FE3E91B8D241A667175 /* [CP] Embed Pods Frameworks */,
			);
			buildRules = (
			);
			dependencies = (
			);
			name = StockTutorial;
			productName = StockTutorial;
			productReference = 64B45C2C26CE9C65001370B5 /* StockTutorial.app */;
			productType = "com.apple.product-type.application";
		};
		64B45C4426CE9C67001370B5 /* StockTutorialTests */ = {
			isa = PBXNativeTarget;
			buildConfigurationList = 64B45C5C26CE9C67001370B5 /* Build configuration list for PBXNativeTarget "StockTutorialTests" */;
			buildPhases = (
				F56B1746E4CABB9D455BD128 /* [CP] Check Pods Manifest.lock */,
				64B45C4126CE9C67001370B5 /* Sources */,
				64B45C4226CE9C67001370B5 /* Frameworks */,
				64B45C4326CE9C67001370B5 /* Resources */,
			);
			buildRules = (
			);
			dependencies = (
				64B45C4726CE9C67001370B5 /* PBXTargetDependency */,
			);
			name = StockTutorialTests;
			productName = StockTutorialTests;
			productReference = 64B45C4526CE9C67001370B5 /* StockTutorialTests.xctest */;
			productType = "com.apple.product-type.bundle.unit-test";
		};
		64B45C4F26CE9C67001370B5 /* StockTutorialUITests */ = {
			isa = PBXNativeTarget;
			buildConfigurationList = 64B45C5F26CE9C67001370B5 /* Build configuration list for PBXNativeTarget "StockTutorialUITests" */;
			buildPhases = (
				0F8DBF7CA54FD69F0A9E7467 /* [CP] Check Pods Manifest.lock */,
				64B45C4C26CE9C67001370B5 /* Sources */,
				64B45C4D26CE9C67001370B5 /* Frameworks */,
				64B45C4E26CE9C67001370B5 /* Resources */,
				CB9C2EFB9EE4C44DD123089F /* [CP] Embed Pods Frameworks */,
			);
			buildRules = (
			);
			dependencies = (
				64B45C5226CE9C67001370B5 /* PBXTargetDependency */,
			);
			name = StockTutorialUITests;
			productName = StockTutorialUITests;
			productReference = 64B45C5026CE9C67001370B5 /* StockTutorialUITests.xctest */;
			productType = "com.apple.product-type.bundle.ui-testing";
		};
/* End PBXNativeTarget section */

/* Begin PBXProject section */
		64B45C2426CE9C65001370B5 /* Project object */ = {
			isa = PBXProject;
			attributes = {
				LastSwiftUpdateCheck = 1250;
				LastUpgradeCheck = 1250;
				TargetAttributes = {
					64B45C2B26CE9C65001370B5 = {
						CreatedOnToolsVersion = 12.5.1;
					};
					64B45C4426CE9C67001370B5 = {
						CreatedOnToolsVersion = 12.5.1;
						TestTargetID = 64B45C2B26CE9C65001370B5;
					};
					64B45C4F26CE9C67001370B5 = {
						CreatedOnToolsVersion = 12.5.1;
						TestTargetID = 64B45C2B26CE9C65001370B5;
					};
				};
			};
			buildConfigurationList = 64B45C2726CE9C65001370B5 /* Build configuration list for PBXProject "StockTutorial" */;
			compatibilityVersion = "Xcode 9.3";
			developmentRegion = en;
			hasScannedForEncodings = 0;
			knownRegions = (
				en,
				Base,
			);
			mainGroup = 64B45C2326CE9C65001370B5;
			productRefGroup = 64B45C2D26CE9C65001370B5 /* Products */;
			projectDirPath = "";
			projectRoot = "";
			targets = (
				64B45C2B26CE9C65001370B5 /* StockTutorial */,
				64B45C4426CE9C67001370B5 /* StockTutorialTests */,
				64B45C4F26CE9C67001370B5 /* StockTutorialUITests */,
			);
		};
/* End PBXProject section */

/* Begin PBXResourcesBuildPhase section */
		64B45C2A26CE9C65001370B5 /* Resources */ = {
			isa = PBXResourcesBuildPhase;
			buildActionMask = 2147483647;
			files = (
				64B45C3F26CE9C66001370B5 /* LaunchScreen.storyboard in Resources */,
				64B45C3C26CE9C66001370B5 /* Assets.xcassets in Resources */,
			);
			runOnlyForDeploymentPostprocessing = 0;
		};
		64B45C4326CE9C67001370B5 /* Resources */ = {
			isa = PBXResourcesBuildPhase;
			buildActionMask = 2147483647;
			files = (
			);
			runOnlyForDeploymentPostprocessing = 0;
		};
		64B45C4E26CE9C67001370B5 /* Resources */ = {
			isa = PBXResourcesBuildPhase;
			buildActionMask = 2147483647;
			files = (
			);
			runOnlyForDeploymentPostprocessing = 0;
		};
/* End PBXResourcesBuildPhase section */

/* Begin PBXShellScriptBuildPhase section */
		0F8DBF7CA54FD69F0A9E7467 /* [CP] Check Pods Manifest.lock */ = {
			isa = PBXShellScriptBuildPhase;
			buildActionMask = 2147483647;
			files = (
			);
			inputFileListPaths = (
			);
			inputPaths = (
				"${PODS_PODFILE_DIR_PATH}/Podfile.lock",
				"${PODS_ROOT}/Manifest.lock",
			);
			name = "[CP] Check Pods Manifest.lock";
			outputFileListPaths = (
			);
			outputPaths = (
				"$(DERIVED_FILE_DIR)/Pods-StockTutorial-StockTutorialUITests-checkManifestLockResult.txt",
			);
			runOnlyForDeploymentPostprocessing = 0;
			shellPath = /bin/sh;
			shellScript = "diff \"${PODS_PODFILE_DIR_PATH}/Podfile.lock\" \"${PODS_ROOT}/Manifest.lock\" > /dev/null\nif [ $? != 0 ] ; then\n    # print error to STDERR\n    echo \"error: The sandbox is not in sync with the Podfile.lock. Run 'pod install' or update your CocoaPods installation.\" >&2\n    exit 1\nfi\n# This output is used by Xcode 'outputs' to avoid re-running this script phase.\necho \"SUCCESS\" > \"${SCRIPT_OUTPUT_FILE_0}\"\n";
			showEnvVarsInLog = 0;
		};
		C9C1A9CB51C3AC314854C0EE /* [CP] Check Pods Manifest.lock */ = {
			isa = PBXShellScriptBuildPhase;
			buildActionMask = 2147483647;
			files = (
			);
			inputFileListPaths = (
			);
			inputPaths = (
				"${PODS_PODFILE_DIR_PATH}/Podfile.lock",
				"${PODS_ROOT}/Manifest.lock",
			);
			name = "[CP] Check Pods Manifest.lock";
			outputFileListPaths = (
			);
			outputPaths = (
				"$(DERIVED_FILE_DIR)/Pods-StockTutorial-checkManifestLockResult.txt",
			);
			runOnlyForDeploymentPostprocessing = 0;
			shellPath = /bin/sh;
			shellScript = "diff \"${PODS_PODFILE_DIR_PATH}/Podfile.lock\" \"${PODS_ROOT}/Manifest.lock\" > /dev/null\nif [ $? != 0 ] ; then\n    # print error to STDERR\n    echo \"error: The sandbox is not in sync with the Podfile.lock. Run 'pod install' or update your CocoaPods installation.\" >&2\n    exit 1\nfi\n# This output is used by Xcode 'outputs' to avoid re-running this script phase.\necho \"SUCCESS\" > \"${SCRIPT_OUTPUT_FILE_0}\"\n";
			showEnvVarsInLog = 0;
		};
		CB9C2EFB9EE4C44DD123089F /* [CP] Embed Pods Frameworks */ = {
			isa = PBXShellScriptBuildPhase;
			buildActionMask = 2147483647;
			files = (
			);
			inputFileListPaths = (
				"${PODS_ROOT}/Target Support Files/Pods-StockTutorial-StockTutorialUITests/Pods-StockTutorial-StockTutorialUITests-frameworks-${CONFIGURATION}-input-files.xcfilelist",
			);
			name = "[CP] Embed Pods Frameworks";
			outputFileListPaths = (
				"${PODS_ROOT}/Target Support Files/Pods-StockTutorial-StockTutorialUITests/Pods-StockTutorial-StockTutorialUITests-frameworks-${CONFIGURATION}-output-files.xcfilelist",
			);
			runOnlyForDeploymentPostprocessing = 0;
			shellPath = /bin/sh;
			shellScript = "\"${PODS_ROOT}/Target Support Files/Pods-StockTutorial-StockTutorialUITests/Pods-StockTutorial-StockTutorialUITests-frameworks.sh\"\n";
			showEnvVarsInLog = 0;
		};
		E7126FE3E91B8D241A667175 /* [CP] Embed Pods Frameworks */ = {
			isa = PBXShellScriptBuildPhase;
			buildActionMask = 2147483647;
			files = (
			);
			inputFileListPaths = (
				"${PODS_ROOT}/Target Support Files/Pods-StockTutorial/Pods-StockTutorial-frameworks-${CONFIGURATION}-input-files.xcfilelist",
			);
			name = "[CP] Embed Pods Frameworks";
			outputFileListPaths = (
				"${PODS_ROOT}/Target Support Files/Pods-StockTutorial/Pods-StockTutorial-frameworks-${CONFIGURATION}-output-files.xcfilelist",
			);
			runOnlyForDeploymentPostprocessing = 0;
			shellPath = /bin/sh;
			shellScript = "\"${PODS_ROOT}/Target Support Files/Pods-StockTutorial/Pods-StockTutorial-frameworks.sh\"\n";
			showEnvVarsInLog = 0;
		};
		F56B1746E4CABB9D455BD128 /* [CP] Check Pods Manifest.lock */ = {
			isa = PBXShellScriptBuildPhase;
			buildActionMask = 2147483647;
			files = (
			);
			inputFileListPaths = (
			);
			inputPaths = (
				"${PODS_PODFILE_DIR_PATH}/Podfile.lock",
				"${PODS_ROOT}/Manifest.lock",
			);
			name = "[CP] Check Pods Manifest.lock";
			outputFileListPaths = (
			);
			outputPaths = (
				"$(DERIVED_FILE_DIR)/Pods-StockTutorialTests-checkManifestLockResult.txt",
			);
			runOnlyForDeploymentPostprocessing = 0;
			shellPath = /bin/sh;
			shellScript = "diff \"${PODS_PODFILE_DIR_PATH}/Podfile.lock\" \"${PODS_ROOT}/Manifest.lock\" > /dev/null\nif [ $? != 0 ] ; then\n    # print error to STDERR\n    echo \"error: The sandbox is not in sync with the Podfile.lock. Run 'pod install' or update your CocoaPods installation.\" >&2\n    exit 1\nfi\n# This output is used by Xcode 'outputs' to avoid re-running this script phase.\necho \"SUCCESS\" > \"${SCRIPT_OUTPUT_FILE_0}\"\n";
			showEnvVarsInLog = 0;
		};
/* End PBXShellScriptBuildPhase section */

/* Begin PBXSourcesBuildPhase section */
		64B45C2826CE9C65001370B5 /* Sources */ = {
			isa = PBXSourcesBuildPhase;
			buildActionMask = 2147483647;
			files = (
				64B45C7426CEA2DF001370B5 /* Coordinator.swift in Sources */,
				64B45C6C26CE9E32001370B5 /* BaseViewController.swift in Sources */,
				648E793D26D154D70061D485 /* StockList+TableView.swift in Sources */,
				64B45C7226CE9F06001370B5 /* StockListView.swift in Sources */,
				64B45C7926CEA655001370B5 /* MainCoordinator.swift in Sources */,
				64B45C8326CEAD37001370B5 /* StockListViewModel .swift in Sources */,
				648E793526D14BE60061D485 /* LoadingView.swift in Sources */,
				648E793B26D14F8A0061D485 /* View.swift in Sources */,
				64B45C7F26CEAA1A001370B5 /* Stock.swift in Sources */,
				64B45C3026CE9C65001370B5 /* AppDelegate.swift in Sources */,
				64B45C7B26CEA928001370B5 /* StockRepository.swift in Sources */,
				64B45C7D26CEA938001370B5 /* SotckRepositoryImpl.swift in Sources */,
				64B45C8126CEACCB001370B5 /* StockUseCase.swift in Sources */,
				64B45C6E26CE9EA1001370B5 /* StockListController.swift in Sources */,
				648E793726D14DBD0061D485 /* Font.swift in Sources */,
				64B45C7026CE9EBE001370B5 /* BaseView.swift in Sources */,
				648E793926D14E760061D485 /* StockCell.swift in Sources */,
				64B45C3A26CE9C65001370B5 /* StockTutorial.xcdatamodeld in Sources */,
				64B45C7626CEA34F001370B5 /* CompositionRoot.swift in Sources */,
				64D1D24D26D1DFC900D80246 /* EmptyView.swift in Sources */,
				64B45C3226CE9C65001370B5 /* SceneDelegate.swift in Sources */,
			);
			runOnlyForDeploymentPostprocessing = 0;
		};
		64B45C4126CE9C67001370B5 /* Sources */ = {
			isa = PBXSourcesBuildPhase;
			buildActionMask = 2147483647;
			files = (
				64B45C4A26CE9C67001370B5 /* StockTutorialTests.swift in Sources */,
			);
			runOnlyForDeploymentPostprocessing = 0;
		};
		64B45C4C26CE9C67001370B5 /* Sources */ = {
			isa = PBXSourcesBuildPhase;
			buildActionMask = 2147483647;
			files = (
				64B45C5526CE9C67001370B5 /* StockTutorialUITests.swift in Sources */,
			);
			runOnlyForDeploymentPostprocessing = 0;
		};
/* End PBXSourcesBuildPhase section */

/* Begin PBXTargetDependency section */
		64B45C4726CE9C67001370B5 /* PBXTargetDependency */ = {
			isa = PBXTargetDependency;
			target = 64B45C2B26CE9C65001370B5 /* StockTutorial */;
			targetProxy = 64B45C4626CE9C67001370B5 /* PBXContainerItemProxy */;
		};
		64B45C5226CE9C67001370B5 /* PBXTargetDependency */ = {
			isa = PBXTargetDependency;
			target = 64B45C2B26CE9C65001370B5 /* StockTutorial */;
			targetProxy = 64B45C5126CE9C67001370B5 /* PBXContainerItemProxy */;
		};
/* End PBXTargetDependency section */

/* Begin PBXVariantGroup section */
		64B45C3D26CE9C66001370B5 /* LaunchScreen.storyboard */ = {
			isa = PBXVariantGroup;
			children = (
				64B45C3E26CE9C66001370B5 /* Base */,
			);
			name = LaunchScreen.storyboard;
			sourceTree = "<group>";
		};
/* End PBXVariantGroup section */

/* Begin XCBuildConfiguration section */
		64B45C5726CE9C67001370B5 /* Debug */ = {
			isa = XCBuildConfiguration;
			buildSettings = {
				ALWAYS_SEARCH_USER_PATHS = NO;
				CLANG_ANALYZER_NONNULL = YES;
				CLANG_ANALYZER_NUMBER_OBJECT_CONVERSION = YES_AGGRESSIVE;
				CLANG_CXX_LANGUAGE_STANDARD = "gnu++14";
				CLANG_CXX_LIBRARY = "libc++";
				CLANG_ENABLE_MODULES = YES;
				CLANG_ENABLE_OBJC_ARC = YES;
				CLANG_ENABLE_OBJC_WEAK = YES;
				CLANG_WARN_BLOCK_CAPTURE_AUTORELEASING = YES;
				CLANG_WARN_BOOL_CONVERSION = YES;
				CLANG_WARN_COMMA = YES;
				CLANG_WARN_CONSTANT_CONVERSION = YES;
				CLANG_WARN_DEPRECATED_OBJC_IMPLEMENTATIONS = YES;
				CLANG_WARN_DIRECT_OBJC_ISA_USAGE = YES_ERROR;
				CLANG_WARN_DOCUMENTATION_COMMENTS = YES;
				CLANG_WARN_EMPTY_BODY = YES;
				CLANG_WARN_ENUM_CONVERSION = YES;
				CLANG_WARN_INFINITE_RECURSION = YES;
				CLANG_WARN_INT_CONVERSION = YES;
				CLANG_WARN_NON_LITERAL_NULL_CONVERSION = YES;
				CLANG_WARN_OBJC_IMPLICIT_RETAIN_SELF = YES;
				CLANG_WARN_OBJC_LITERAL_CONVERSION = YES;
				CLANG_WARN_OBJC_ROOT_CLASS = YES_ERROR;
				CLANG_WARN_QUOTED_INCLUDE_IN_FRAMEWORK_HEADER = YES;
				CLANG_WARN_RANGE_LOOP_ANALYSIS = YES;
				CLANG_WARN_STRICT_PROTOTYPES = YES;
				CLANG_WARN_SUSPICIOUS_MOVE = YES;
				CLANG_WARN_UNGUARDED_AVAILABILITY = YES_AGGRESSIVE;
				CLANG_WARN_UNREACHABLE_CODE = YES;
				CLANG_WARN__DUPLICATE_METHOD_MATCH = YES;
				COPY_PHASE_STRIP = NO;
				DEBUG_INFORMATION_FORMAT = dwarf;
				ENABLE_STRICT_OBJC_MSGSEND = YES;
				ENABLE_TESTABILITY = YES;
				GCC_C_LANGUAGE_STANDARD = gnu11;
				GCC_DYNAMIC_NO_PIC = NO;
				GCC_NO_COMMON_BLOCKS = YES;
				GCC_OPTIMIZATION_LEVEL = 0;
				GCC_PREPROCESSOR_DEFINITIONS = (
					"DEBUG=1",
					"$(inherited)",
				);
				GCC_WARN_64_TO_32_BIT_CONVERSION = YES;
				GCC_WARN_ABOUT_RETURN_TYPE = YES_ERROR;
				GCC_WARN_UNDECLARED_SELECTOR = YES;
				GCC_WARN_UNINITIALIZED_AUTOS = YES_AGGRESSIVE;
				GCC_WARN_UNUSED_FUNCTION = YES;
				GCC_WARN_UNUSED_VARIABLE = YES;
				IPHONEOS_DEPLOYMENT_TARGET = 14.5;
				MTL_ENABLE_DEBUG_INFO = INCLUDE_SOURCE;
				MTL_FAST_MATH = YES;
				ONLY_ACTIVE_ARCH = YES;
				SDKROOT = iphoneos;
				SWIFT_ACTIVE_COMPILATION_CONDITIONS = DEBUG;
				SWIFT_OPTIMIZATION_LEVEL = "-Onone";
			};
			name = Debug;
		};
		64B45C5826CE9C67001370B5 /* Release */ = {
			isa = XCBuildConfiguration;
			buildSettings = {
				ALWAYS_SEARCH_USER_PATHS = NO;
				CLANG_ANALYZER_NONNULL = YES;
				CLANG_ANALYZER_NUMBER_OBJECT_CONVERSION = YES_AGGRESSIVE;
				CLANG_CXX_LANGUAGE_STANDARD = "gnu++14";
				CLANG_CXX_LIBRARY = "libc++";
				CLANG_ENABLE_MODULES = YES;
				CLANG_ENABLE_OBJC_ARC = YES;
				CLANG_ENABLE_OBJC_WEAK = YES;
				CLANG_WARN_BLOCK_CAPTURE_AUTORELEASING = YES;
				CLANG_WARN_BOOL_CONVERSION = YES;
				CLANG_WARN_COMMA = YES;
				CLANG_WARN_CONSTANT_CONVERSION = YES;
				CLANG_WARN_DEPRECATED_OBJC_IMPLEMENTATIONS = YES;
				CLANG_WARN_DIRECT_OBJC_ISA_USAGE = YES_ERROR;
				CLANG_WARN_DOCUMENTATION_COMMENTS = YES;
				CLANG_WARN_EMPTY_BODY = YES;
				CLANG_WARN_ENUM_CONVERSION = YES;
				CLANG_WARN_INFINITE_RECURSION = YES;
				CLANG_WARN_INT_CONVERSION = YES;
				CLANG_WARN_NON_LITERAL_NULL_CONVERSION = YES;
				CLANG_WARN_OBJC_IMPLICIT_RETAIN_SELF = YES;
				CLANG_WARN_OBJC_LITERAL_CONVERSION = YES;
				CLANG_WARN_OBJC_ROOT_CLASS = YES_ERROR;
				CLANG_WARN_QUOTED_INCLUDE_IN_FRAMEWORK_HEADER = YES;
				CLANG_WARN_RANGE_LOOP_ANALYSIS = YES;
				CLANG_WARN_STRICT_PROTOTYPES = YES;
				CLANG_WARN_SUSPICIOUS_MOVE = YES;
				CLANG_WARN_UNGUARDED_AVAILABILITY = YES_AGGRESSIVE;
				CLANG_WARN_UNREACHABLE_CODE = YES;
				CLANG_WARN__DUPLICATE_METHOD_MATCH = YES;
				COPY_PHASE_STRIP = NO;
				DEBUG_INFORMATION_FORMAT = "dwarf-with-dsym";
				ENABLE_NS_ASSERTIONS = NO;
				ENABLE_STRICT_OBJC_MSGSEND = YES;
				GCC_C_LANGUAGE_STANDARD = gnu11;
				GCC_NO_COMMON_BLOCKS = YES;
				GCC_WARN_64_TO_32_BIT_CONVERSION = YES;
				GCC_WARN_ABOUT_RETURN_TYPE = YES_ERROR;
				GCC_WARN_UNDECLARED_SELECTOR = YES;
				GCC_WARN_UNINITIALIZED_AUTOS = YES_AGGRESSIVE;
				GCC_WARN_UNUSED_FUNCTION = YES;
				GCC_WARN_UNUSED_VARIABLE = YES;
				IPHONEOS_DEPLOYMENT_TARGET = 14.5;
				MTL_ENABLE_DEBUG_INFO = NO;
				MTL_FAST_MATH = YES;
				SDKROOT = iphoneos;
				SWIFT_COMPILATION_MODE = wholemodule;
				SWIFT_OPTIMIZATION_LEVEL = "-O";
				VALIDATE_PRODUCT = YES;
			};
			name = Release;
		};
		64B45C5A26CE9C67001370B5 /* Debug */ = {
			isa = XCBuildConfiguration;
			baseConfigurationReference = 19425B473C4319BF0F38BA50 /* Pods-StockTutorial.debug.xcconfig */;
			buildSettings = {
				ASSETCATALOG_COMPILER_APPICON_NAME = AppIcon;
				ASSETCATALOG_COMPILER_GLOBAL_ACCENT_COLOR_NAME = AccentColor;
				CODE_SIGN_STYLE = Automatic;
				DEVELOPMENT_TEAM = Y62JQKC4LG;
				INFOPLIST_FILE = StockTutorial/Info.plist;
				LD_RUNPATH_SEARCH_PATHS = (
					"$(inherited)",
					"@executable_path/Frameworks",
				);
				PRODUCT_BUNDLE_IDENTIFIER = elon.StockTutorial;
				PRODUCT_NAME = "$(TARGET_NAME)";
				SWIFT_VERSION = 5.0;
				TARGETED_DEVICE_FAMILY = "1,2";
			};
			name = Debug;
		};
		64B45C5B26CE9C67001370B5 /* Release */ = {
			isa = XCBuildConfiguration;
			baseConfigurationReference = 969FC7D8ACBE24CEEF0EFEF5 /* Pods-StockTutorial.release.xcconfig */;
			buildSettings = {
				ASSETCATALOG_COMPILER_APPICON_NAME = AppIcon;
				ASSETCATALOG_COMPILER_GLOBAL_ACCENT_COLOR_NAME = AccentColor;
				CODE_SIGN_STYLE = Automatic;
				DEVELOPMENT_TEAM = Y62JQKC4LG;
				INFOPLIST_FILE = StockTutorial/Info.plist;
				LD_RUNPATH_SEARCH_PATHS = (
					"$(inherited)",
					"@executable_path/Frameworks",
				);
				PRODUCT_BUNDLE_IDENTIFIER = elon.StockTutorial;
				PRODUCT_NAME = "$(TARGET_NAME)";
				SWIFT_VERSION = 5.0;
				TARGETED_DEVICE_FAMILY = "1,2";
			};
			name = Release;
		};
		64B45C5D26CE9C67001370B5 /* Debug */ = {
			isa = XCBuildConfiguration;
			baseConfigurationReference = D267B6F6FD98E69C56F326E5 /* Pods-StockTutorialTests.debug.xcconfig */;
			buildSettings = {
				ALWAYS_EMBED_SWIFT_STANDARD_LIBRARIES = YES;
				BUNDLE_LOADER = "$(TEST_HOST)";
				CODE_SIGN_STYLE = Automatic;
				DEVELOPMENT_TEAM = Y62JQKC4LG;
				INFOPLIST_FILE = StockTutorialTests/Info.plist;
				IPHONEOS_DEPLOYMENT_TARGET = 14.5;
				LD_RUNPATH_SEARCH_PATHS = (
					"$(inherited)",
					"@executable_path/Frameworks",
					"@loader_path/Frameworks",
				);
				PRODUCT_BUNDLE_IDENTIFIER = elon.StockTutorialTests;
				PRODUCT_NAME = "$(TARGET_NAME)";
				SWIFT_VERSION = 5.0;
				TARGETED_DEVICE_FAMILY = "1,2";
				TEST_HOST = "$(BUILT_PRODUCTS_DIR)/StockTutorial.app/StockTutorial";
			};
			name = Debug;
		};
		64B45C5E26CE9C67001370B5 /* Release */ = {
			isa = XCBuildConfiguration;
			baseConfigurationReference = DCF81B323CDDB71D154A9DCD /* Pods-StockTutorialTests.release.xcconfig */;
			buildSettings = {
				ALWAYS_EMBED_SWIFT_STANDARD_LIBRARIES = YES;
				BUNDLE_LOADER = "$(TEST_HOST)";
				CODE_SIGN_STYLE = Automatic;
				DEVELOPMENT_TEAM = Y62JQKC4LG;
				INFOPLIST_FILE = StockTutorialTests/Info.plist;
				IPHONEOS_DEPLOYMENT_TARGET = 14.5;
				LD_RUNPATH_SEARCH_PATHS = (
					"$(inherited)",
					"@executable_path/Frameworks",
					"@loader_path/Frameworks",
				);
				PRODUCT_BUNDLE_IDENTIFIER = elon.StockTutorialTests;
				PRODUCT_NAME = "$(TARGET_NAME)";
				SWIFT_VERSION = 5.0;
				TARGETED_DEVICE_FAMILY = "1,2";
				TEST_HOST = "$(BUILT_PRODUCTS_DIR)/StockTutorial.app/StockTutorial";
			};
			name = Release;
		};
		64B45C6026CE9C67001370B5 /* Debug */ = {
			isa = XCBuildConfiguration;
			baseConfigurationReference = 5792BD696D31FE8BFE513171 /* Pods-StockTutorial-StockTutorialUITests.debug.xcconfig */;
			buildSettings = {
				ALWAYS_EMBED_SWIFT_STANDARD_LIBRARIES = YES;
				CODE_SIGN_STYLE = Automatic;
				DEVELOPMENT_TEAM = Y62JQKC4LG;
				INFOPLIST_FILE = StockTutorialUITests/Info.plist;
				LD_RUNPATH_SEARCH_PATHS = (
					"$(inherited)",
					"@executable_path/Frameworks",
					"@loader_path/Frameworks",
				);
				PRODUCT_BUNDLE_IDENTIFIER = elon.StockTutorialUITests;
				PRODUCT_NAME = "$(TARGET_NAME)";
				SWIFT_VERSION = 5.0;
				TARGETED_DEVICE_FAMILY = "1,2";
				TEST_TARGET_NAME = StockTutorial;
			};
			name = Debug;
		};
		64B45C6126CE9C67001370B5 /* Release */ = {
			isa = XCBuildConfiguration;
			baseConfigurationReference = 3CC2AE69833E2DFBC3400AD8 /* Pods-StockTutorial-StockTutorialUITests.release.xcconfig */;
			buildSettings = {
				ALWAYS_EMBED_SWIFT_STANDARD_LIBRARIES = YES;
				CODE_SIGN_STYLE = Automatic;
				DEVELOPMENT_TEAM = Y62JQKC4LG;
				INFOPLIST_FILE = StockTutorialUITests/Info.plist;
				LD_RUNPATH_SEARCH_PATHS = (
					"$(inherited)",
					"@executable_path/Frameworks",
					"@loader_path/Frameworks",
				);
				PRODUCT_BUNDLE_IDENTIFIER = elon.StockTutorialUITests;
				PRODUCT_NAME = "$(TARGET_NAME)";
				SWIFT_VERSION = 5.0;
				TARGETED_DEVICE_FAMILY = "1,2";
				TEST_TARGET_NAME = StockTutorial;
			};
			name = Release;
		};
/* End XCBuildConfiguration section */

/* Begin XCConfigurationList section */
		64B45C2726CE9C65001370B5 /* Build configuration list for PBXProject "StockTutorial" */ = {
			isa = XCConfigurationList;
			buildConfigurations = (
				64B45C5726CE9C67001370B5 /* Debug */,
				64B45C5826CE9C67001370B5 /* Release */,
			);
			defaultConfigurationIsVisible = 0;
			defaultConfigurationName = Release;
		};
		64B45C5926CE9C67001370B5 /* Build configuration list for PBXNativeTarget "StockTutorial" */ = {
			isa = XCConfigurationList;
			buildConfigurations = (
				64B45C5A26CE9C67001370B5 /* Debug */,
				64B45C5B26CE9C67001370B5 /* Release */,
			);
			defaultConfigurationIsVisible = 0;
			defaultConfigurationName = Release;
		};
		64B45C5C26CE9C67001370B5 /* Build configuration list for PBXNativeTarget "StockTutorialTests" */ = {
			isa = XCConfigurationList;
			buildConfigurations = (
				64B45C5D26CE9C67001370B5 /* Debug */,
				64B45C5E26CE9C67001370B5 /* Release */,
			);
			defaultConfigurationIsVisible = 0;
			defaultConfigurationName = Release;
		};
		64B45C5F26CE9C67001370B5 /* Build configuration list for PBXNativeTarget "StockTutorialUITests" */ = {
			isa = XCConfigurationList;
			buildConfigurations = (
				64B45C6026CE9C67001370B5 /* Debug */,
				64B45C6126CE9C67001370B5 /* Release */,
			);
			defaultConfigurationIsVisible = 0;
			defaultConfigurationName = Release;
		};
/* End XCConfigurationList section */

/* Begin XCVersionGroup section */
		64B45C3826CE9C65001370B5 /* StockTutorial.xcdatamodeld */ = {
			isa = XCVersionGroup;
			children = (
				64B45C3926CE9C65001370B5 /* StockTutorial.xcdatamodel */,
			);
			currentVersion = 64B45C3926CE9C65001370B5 /* StockTutorial.xcdatamodel */;
			path = StockTutorial.xcdatamodeld;
			sourceTree = "<group>";
			versionGroupType = wrapper.xcdatamodel;
		};
/* End XCVersionGroup section */
	};
	rootObject = 64B45C2426CE9C65001370B5 /* Project object */;
}
